
Microsoft Visual Studio Solution File, Format Version 12.00
# Visual Studio 2012
Project("{FAE04EC0-301F-11D3-BF4B-00C04F79EFBC}") = "OpenXmlPackaging", "OpenXmlPackaging\OpenXmlPackaging.csproj", "{DAD3387A-470A-4484-9427-A8C8FAEC6C0F}"
EndProject
Global
	GlobalSection(TeamFoundationVersionControl) = preSolution
		SccNumberOfProjects = 2
		SccEnterpriseProvider = {4CA58AB2-18FA-4F8D-95D4-32DDF27D184C}
		SccTeamFoundationServer = https://tfs.codeplex.com/tfs/tfs36
		SccLocalPath0 = .
		SccProjectUniqueName1 = OpenXmlPackaging\\OpenXmlPackaging.csproj
		SccProjectName1 = OpenXmlPackaging
		SccLocalPath1 = OpenXmlPackaging
	EndGlobalSection
	GlobalSection(SolutionConfigurationPlatforms) = preSolution
		Debug|Any CPU = Debug|Any CPU
		Debug|Mixed Platforms = Debug|Mixed Platforms
		Debug|x86 = Debug|x86
		Release|Any CPU = Release|Any CPU
		Release|Mixed Platforms = Release|Mixed Platforms
		Release|x86 = Release|x86
	EndGlobalSection
	GlobalSection(ProjectConfigurationPlatforms) = postSolution
		{DAD3387A-470A-4484-9427-A8C8FAEC6C0F}.Debug|Any CPU.ActiveCfg = Debug|Any CPU
		{DAD3387A-470A-4484-9427-A8C8FAEC6C0F}.Debug|Any CPU.Build.0 = Debug|Any CPU
		{DAD3387A-470A-4484-9427-A8C8FAEC6C0F}.Debug|Mixed Platforms.ActiveCfg = Debug|Any CPU
		{DAD3387A-470A-4484-9427-A8C8FAEC6C0F}.Debug|Mixed Platforms.Build.0 = Debug|Any CPU
		{DAD3387A-470A-4484-9427-A8C8FAEC6C0F}.Debug|x86.ActiveCfg = Debug|Any CPU
		{DAD3387A-470A-4484-9427-A8C8FAEC6C0F}.Release|Any CPU.ActiveCfg = Release|Any CPU
		{DAD3387A-470A-4484-9427-A8C8FAEC6C0F}.Release|Any CPU.Build.0 = Release|Any CPU
		{DAD3387A-470A-4484-9427-A8C8FAEC6C0F}.Release|Mixed Platforms.ActiveCfg = Release|Any CPU
		{DAD3387A-470A-4484-9427-A8C8FAEC6C0F}.Release|Mixed Platforms.Build.0 = Release|Any CPU
		{DAD3387A-470A-4484-9427-A8C8FAEC6C0F}.Release|x86.ActiveCfg = Release|Any CPU
	EndGlobalSection
	GlobalSection(SolutionProperties) = preSolution
		HideSolutionNode = FALSE
	EndGlobalSection
EndGlobal
