
Microsoft Visual Studio Solution File, Format Version 12.00
# Visual Studio 2013
VisualStudioVersion = 12.0.31101.0
MinimumVisualStudioVersion = 10.0.40219.1
Project("{FAE04EC0-301F-11D3-BF4B-00C04F79EFBC}") = "Starehe", "Starehe\Starehe.csproj", "{FF9AFA4A-930E-4422-A879-BC0882F0A303}"
EndProject
Project("{FAE04EC0-301F-11D3-BF4B-00C04F79EFBC}") = "Starehe.Helper", "Starehe.Helper\Starehe.Helper.csproj", "{C3938395-7C97-4474-866C-6E486819AF93}"
EndProject
Project("{FAE04EC0-301F-11D3-BF4B-00C04F79EFBC}") = "Helper", "Helper\Helper.csproj", "{B2731322-51A5-4698-9ECA-F43A8D3E8547}"
EndProject
Project("{930C7802-8A8C-48F9-8165-68863BCCD9DD}") = "BootStrapper", "BootStrapper\BootStrapper.wixproj", "{6233B473-021F-4324-9926-F9198F4BD6CA}"
EndProject
Project("{930C7802-8A8C-48F9-8165-68863BCCD9DD}") = "Setup", "Setup\Setup.wixproj", "{E770E579-E088-44A7-987F-3B2D14D3A72B}"
EndProject
Project("{FAE04EC0-301F-11D3-BF4B-00C04F79EFBC}") = "CheckSqlConnection", "CheckSqlConnection\CheckSqlConnection.csproj", "{DACCD073-85B1-4F34-A21A-2811A6E9E0A9}"
EndProject
Project("{FAE04EC0-301F-11D3-BF4B-00C04F79EFBC}") = "OpenXmlPackaging", "OpenXMLPackaging\OpenXmlPackaging.csproj", "{DAD3387A-470A-4484-9427-A8C8FAEC6C0F}"
EndProject
Global
	GlobalSection(SolutionConfigurationPlatforms) = preSolution
		Debug|x64 = Debug|x64
		Debug|x86 = Debug|x86
		Release|x64 = Release|x64
		Release|x86 = Release|x86
	EndGlobalSection
	GlobalSection(ProjectConfigurationPlatforms) = postSolution
		{FF9AFA4A-930E-4422-A879-BC0882F0A303}.Debug|x64.ActiveCfg = Debug|x64
		{FF9AFA4A-930E-4422-A879-BC0882F0A303}.Debug|x64.Build.0 = Debug|x64
		{FF9AFA4A-930E-4422-A879-BC0882F0A303}.Debug|x86.ActiveCfg = Debug|x86
		{FF9AFA4A-930E-4422-A879-BC0882F0A303}.Debug|x86.Build.0 = Debug|x86
		{FF9AFA4A-930E-4422-A879-BC0882F0A303}.Release|x64.ActiveCfg = Release|x64
		{FF9AFA4A-930E-4422-A879-BC0882F0A303}.Release|x64.Build.0 = Release|x64
		{FF9AFA4A-930E-4422-A879-BC0882F0A303}.Release|x86.ActiveCfg = Release|x86
		{FF9AFA4A-930E-4422-A879-BC0882F0A303}.Release|x86.Build.0 = Release|x86
		{C3938395-7C97-4474-866C-6E486819AF93}.Debug|x64.ActiveCfg = Debug|x64
		{C3938395-7C97-4474-866C-6E486819AF93}.Debug|x64.Build.0 = Debug|x64
		{C3938395-7C97-4474-866C-6E486819AF93}.Debug|x86.ActiveCfg = Debug|x86
		{C3938395-7C97-4474-866C-6E486819AF93}.Debug|x86.Build.0 = Debug|x86
		{C3938395-7C97-4474-866C-6E486819AF93}.Release|x64.ActiveCfg = Release|x64
		{C3938395-7C97-4474-866C-6E486819AF93}.Release|x64.Build.0 = Release|x64
		{C3938395-7C97-4474-866C-6E486819AF93}.Release|x86.ActiveCfg = Release|x86
		{C3938395-7C97-4474-866C-6E486819AF93}.Release|x86.Build.0 = Release|x86
		{B2731322-51A5-4698-9ECA-F43A8D3E8547}.Debug|x64.ActiveCfg = Debug|x64
		{B2731322-51A5-4698-9ECA-F43A8D3E8547}.Debug|x64.Build.0 = Debug|x64
		{B2731322-51A5-4698-9ECA-F43A8D3E8547}.Debug|x86.ActiveCfg = Debug|x86
		{B2731322-51A5-4698-9ECA-F43A8D3E8547}.Debug|x86.Build.0 = Debug|x86
		{B2731322-51A5-4698-9ECA-F43A8D3E8547}.Release|x64.ActiveCfg = Release|x64
		{B2731322-51A5-4698-9ECA-F43A8D3E8547}.Release|x64.Build.0 = Release|x64
		{B2731322-51A5-4698-9ECA-F43A8D3E8547}.Release|x86.ActiveCfg = Release|x86
		{B2731322-51A5-4698-9ECA-F43A8D3E8547}.Release|x86.Build.0 = Release|x86
		{6233B473-021F-4324-9926-F9198F4BD6CA}.Debug|x64.ActiveCfg = Debug|x64
		{6233B473-021F-4324-9926-F9198F4BD6CA}.Debug|x64.Build.0 = Debug|x64
		{6233B473-021F-4324-9926-F9198F4BD6CA}.Debug|x86.ActiveCfg = Debug|x86
		{6233B473-021F-4324-9926-F9198F4BD6CA}.Debug|x86.Build.0 = Debug|x86
		{6233B473-021F-4324-9926-F9198F4BD6CA}.Release|x64.ActiveCfg = Release|x64
		{6233B473-021F-4324-9926-F9198F4BD6CA}.Release|x64.Build.0 = Release|x64
		{6233B473-021F-4324-9926-F9198F4BD6CA}.Release|x86.ActiveCfg = Release|x86
		{6233B473-021F-4324-9926-F9198F4BD6CA}.Release|x86.Build.0 = Release|x86
		{E770E579-E088-44A7-987F-3B2D14D3A72B}.Debug|x64.ActiveCfg = Debug|x64
		{E770E579-E088-44A7-987F-3B2D14D3A72B}.Debug|x64.Build.0 = Debug|x64
		{E770E579-E088-44A7-987F-3B2D14D3A72B}.Debug|x86.ActiveCfg = Debug|x86
		{E770E579-E088-44A7-987F-3B2D14D3A72B}.Debug|x86.Build.0 = Debug|x86
		{E770E579-E088-44A7-987F-3B2D14D3A72B}.Release|x64.ActiveCfg = Release|x64
		{E770E579-E088-44A7-987F-3B2D14D3A72B}.Release|x64.Build.0 = Release|x64
		{E770E579-E088-44A7-987F-3B2D14D3A72B}.Release|x86.ActiveCfg = Release|x86
		{E770E579-E088-44A7-987F-3B2D14D3A72B}.Release|x86.Build.0 = Release|x86
		{DACCD073-85B1-4F34-A21A-2811A6E9E0A9}.Debug|x64.ActiveCfg = Debug|x64
		{DACCD073-85B1-4F34-A21A-2811A6E9E0A9}.Debug|x64.Build.0 = Debug|x64
		{DACCD073-85B1-4F34-A21A-2811A6E9E0A9}.Debug|x86.ActiveCfg = Debug|x86
		{DACCD073-85B1-4F34-A21A-2811A6E9E0A9}.Debug|x86.Build.0 = Debug|x86
		{DACCD073-85B1-4F34-A21A-2811A6E9E0A9}.Release|x64.ActiveCfg = Release|x64
		{DACCD073-85B1-4F34-A21A-2811A6E9E0A9}.Release|x64.Build.0 = Release|x64
		{DACCD073-85B1-4F34-A21A-2811A6E9E0A9}.Release|x86.ActiveCfg = Release|x86
		{DACCD073-85B1-4F34-A21A-2811A6E9E0A9}.Release|x86.Build.0 = Release|x86
		{DAD3387A-470A-4484-9427-A8C8FAEC6C0F}.Debug|x64.ActiveCfg = Debug|x64
		{DAD3387A-470A-4484-9427-A8C8FAEC6C0F}.Debug|x64.Build.0 = Debug|x64
		{DAD3387A-470A-4484-9427-A8C8FAEC6C0F}.Debug|x86.ActiveCfg = Debug|x86
		{DAD3387A-470A-4484-9427-A8C8FAEC6C0F}.Debug|x86.Build.0 = Debug|x86
		{DAD3387A-470A-4484-9427-A8C8FAEC6C0F}.Release|x64.ActiveCfg = Release|x64
		{DAD3387A-470A-4484-9427-A8C8FAEC6C0F}.Release|x64.Build.0 = Release|x64
		{DAD3387A-470A-4484-9427-A8C8FAEC6C0F}.Release|x86.ActiveCfg = Release|x86
		{DAD3387A-470A-4484-9427-A8C8FAEC6C0F}.Release|x86.Build.0 = Release|x86
	EndGlobalSection
	GlobalSection(SolutionProperties) = preSolution
		HideSolutionNode = FALSE
	EndGlobalSection
EndGlobal
