
Microsoft Visual Studio Solution File, Format Version 12.00
# Visual Studio 15
VisualStudioVersion = 15.0.26228.12
MinimumVisualStudioVersion = 10.0.40219.1
Project("{9092AA53-FB77-4645-B42D-1CCCA6BD08BD}") = "NodejsWebApp1", "NodejsWebApp1\NodejsWebApp1.njsproj", "{89CEC6AD-B828-4E4E-A66C-FCAA67FDE690}"
EndProject
Global
	GlobalSection(SolutionConfigurationPlatforms) = preSolution
		Debug|Any CPU = Debug|Any CPU
		Release|Any CPU = Release|Any CPU
	EndGlobalSection
	GlobalSection(ProjectConfigurationPlatforms) = postSolution
		{89CEC6AD-B828-4E4E-A66C-FCAA67FDE690}.Debug|Any CPU.ActiveCfg = Debug|Any CPU
		{89CEC6AD-B828-4E4E-A66C-FCAA67FDE690}.Debug|Any CPU.Build.0 = Debug|Any CPU
		{89CEC6AD-B828-4E4E-A66C-FCAA67FDE690}.Release|Any CPU.ActiveCfg = Release|Any CPU
		{89CEC6AD-B828-4E4E-A66C-FCAA67FDE690}.Release|Any CPU.Build.0 = Release|Any CPU
	EndGlobalSection
	GlobalSection(SolutionProperties) = preSolution
		HideSolutionNode = FALSE
	EndGlobalSection
EndGlobal
